
Microsoft Visual Studio Solution File, Format Version 12.00
# Visual Studio 14
VisualStudioVersion = 14.0.25123.0
MinimumVisualStudioVersion = 10.0.40219.1
Project("{2150E333-8FDC-42A3-9474-1A3956D46DE8}") = "src", "src", "{40ECAAA3-7A8E-4BD4-9C4E-AA1D9F4DE98D}"
EndProject
Project("{8BB2217D-0F2D-49D1-97BC-3654ED321F3B}") = "Localizy", "src\Localizy\Localizy.xproj", "{A4AA41BD-D49A-48DD-B65C-C96A66E1EB36}"
EndProject
Project("{8BB2217D-0F2D-49D1-97BC-3654ED321F3B}") = "Localizy.Tests", "src\Localizy.Tests\Localizy.Tests.xproj", "{0210279C-94B7-46F4-BB7D-F6056329D72E}"
EndProject
Project("{8BB2217D-0F2D-49D1-97BC-3654ED321F3B}") = "Localizy.AspNet5Sample", "src\Localizy.AspNet5Sample\Localizy.AspNet5Sample.xproj", "{ECF39ACF-2B29-4C94-AE52-5B028C8C6BB7}"
EndProject
Project("{8BB2217D-0F2D-49D1-97BC-3654ED321F3B}") = "Localizy.Extensions", "src\Localizy.Extensions\Localizy.Extensions.xproj", "{D7D898FD-71B0-440C-A712-55FA8A9A953E}"
EndProject
Project("{2150E333-8FDC-42A3-9474-1A3956D46DE8}") = "Solution Items", "Solution Items", "{5B9DFCFA-13B3-47ED-B11A-5836B584CF29}"
	ProjectSection(SolutionItems) = preProject
		global.json = global.json
	EndProjectSection
EndProject
Global
	GlobalSection(SolutionConfigurationPlatforms) = preSolution
		Debug|Any CPU = Debug|Any CPU
		Release|Any CPU = Release|Any CPU
	EndGlobalSection
	GlobalSection(ProjectConfigurationPlatforms) = postSolution
		{A4AA41BD-D49A-48DD-B65C-C96A66E1EB36}.Debug|Any CPU.ActiveCfg = Debug|Any CPU
		{A4AA41BD-D49A-48DD-B65C-C96A66E1EB36}.Debug|Any CPU.Build.0 = Debug|Any CPU
		{A4AA41BD-D49A-48DD-B65C-C96A66E1EB36}.Release|Any CPU.ActiveCfg = Release|Any CPU
		{A4AA41BD-D49A-48DD-B65C-C96A66E1EB36}.Release|Any CPU.Build.0 = Release|Any CPU
		{0210279C-94B7-46F4-BB7D-F6056329D72E}.Debug|Any CPU.ActiveCfg = Debug|Any CPU
		{0210279C-94B7-46F4-BB7D-F6056329D72E}.Debug|Any CPU.Build.0 = Debug|Any CPU
		{0210279C-94B7-46F4-BB7D-F6056329D72E}.Release|Any CPU.ActiveCfg = Release|Any CPU
		{0210279C-94B7-46F4-BB7D-F6056329D72E}.Release|Any CPU.Build.0 = Release|Any CPU
		{ECF39ACF-2B29-4C94-AE52-5B028C8C6BB7}.Debug|Any CPU.ActiveCfg = Debug|Any CPU
		{ECF39ACF-2B29-4C94-AE52-5B028C8C6BB7}.Debug|Any CPU.Build.0 = Debug|Any CPU
		{ECF39ACF-2B29-4C94-AE52-5B028C8C6BB7}.Release|Any CPU.ActiveCfg = Release|Any CPU
		{ECF39ACF-2B29-4C94-AE52-5B028C8C6BB7}.Release|Any CPU.Build.0 = Release|Any CPU
		{D7D898FD-71B0-440C-A712-55FA8A9A953E}.Debug|Any CPU.ActiveCfg = Debug|Any CPU
		{D7D898FD-71B0-440C-A712-55FA8A9A953E}.Debug|Any CPU.Build.0 = Debug|Any CPU
		{D7D898FD-71B0-440C-A712-55FA8A9A953E}.Release|Any CPU.ActiveCfg = Release|Any CPU
		{D7D898FD-71B0-440C-A712-55FA8A9A953E}.Release|Any CPU.Build.0 = Release|Any CPU
	EndGlobalSection
	GlobalSection(SolutionProperties) = preSolution
		HideSolutionNode = FALSE
	EndGlobalSection
	GlobalSection(NestedProjects) = preSolution
		{A4AA41BD-D49A-48DD-B65C-C96A66E1EB36} = {40ECAAA3-7A8E-4BD4-9C4E-AA1D9F4DE98D}
		{0210279C-94B7-46F4-BB7D-F6056329D72E} = {40ECAAA3-7A8E-4BD4-9C4E-AA1D9F4DE98D}
		{ECF39ACF-2B29-4C94-AE52-5B028C8C6BB7} = {40ECAAA3-7A8E-4BD4-9C4E-AA1D9F4DE98D}
		{D7D898FD-71B0-440C-A712-55FA8A9A953E} = {40ECAAA3-7A8E-4BD4-9C4E-AA1D9F4DE98D}
	EndGlobalSection
EndGlobal
